
Microsoft Visual Studio Solution File, Format Version 12.00
# Visual Studio Version 17
VisualStudioVersion = 17.4.33205.214
MinimumVisualStudioVersion = 10.0.40219.1
Project("{2150E333-8FDC-42A3-9474-1A3956D46DE8}") = "Solution Items", "Solution Items", "{1EE441DD-4693-449A-BA5E-7908F0331B3D}"
	ProjectSection(SolutionItems) = preProject
		.editorconfig = .editorconfig
	EndProjectSection
EndProject
Project("{FAE04EC0-301F-11D3-BF4B-00C04F79EFBC}") = "DotNet20PatternMatching", "DotNet20PatternMatching\DotNet20PatternMatching.csproj", "{A6EF9EAF-C0DD-4217-90F8-1B245D689DAE}"
EndProject
Project("{FAE04EC0-301F-11D3-BF4B-00C04F79EFBC}") = "DotNet20NullableReferenceTypes", "DotNet20NullableReferenceTypes\DotNet20NullableReferenceTypes.csproj", "{61DDEDD5-EAF9-4FE8-9ABC-A522AC4EB0AE}"
EndProject
Project("{FAE04EC0-301F-11D3-BF4B-00C04F79EFBC}") = "DotNet472RecordsAndInitSetters", "DotNet472RecordsAndInitSetters\DotNet472RecordsAndInitSetters.csproj", "{A23E6A14-B335-44AD-862E-BE8C05391546}"
EndProject
Global
	GlobalSection(SolutionConfigurationPlatforms) = preSolution
		Debug|Any CPU = Debug|Any CPU
		Release|Any CPU = Release|Any CPU
	EndGlobalSection
	GlobalSection(ProjectConfigurationPlatforms) = postSolution
		{A6EF9EAF-C0DD-4217-90F8-1B245D689DAE}.Debug|Any CPU.ActiveCfg = Debug|Any CPU
		{A6EF9EAF-C0DD-4217-90F8-1B245D689DAE}.Debug|Any CPU.Build.0 = Debug|Any CPU
		{A6EF9EAF-C0DD-4217-90F8-1B245D689DAE}.Release|Any CPU.ActiveCfg = Release|Any CPU
		{A6EF9EAF-C0DD-4217-90F8-1B245D689DAE}.Release|Any CPU.Build.0 = Release|Any CPU
		{61DDEDD5-EAF9-4FE8-9ABC-A522AC4EB0AE}.Debug|Any CPU.ActiveCfg = Debug|Any CPU
		{61DDEDD5-EAF9-4FE8-9ABC-A522AC4EB0AE}.Debug|Any CPU.Build.0 = Debug|Any CPU
		{61DDEDD5-EAF9-4FE8-9ABC-A522AC4EB0AE}.Release|Any CPU.ActiveCfg = Release|Any CPU
		{61DDEDD5-EAF9-4FE8-9ABC-A522AC4EB0AE}.Release|Any CPU.Build.0 = Release|Any CPU
		{A23E6A14-B335-44AD-862E-BE8C05391546}.Debug|Any CPU.ActiveCfg = Debug|Any CPU
		{A23E6A14-B335-44AD-862E-BE8C05391546}.Debug|Any CPU.Build.0 = Debug|Any CPU
		{A23E6A14-B335-44AD-862E-BE8C05391546}.Release|Any CPU.ActiveCfg = Release|Any CPU
		{A23E6A14-B335-44AD-862E-BE8C05391546}.Release|Any CPU.Build.0 = Release|Any CPU
	EndGlobalSection
	GlobalSection(SolutionProperties) = preSolution
		HideSolutionNode = FALSE
	EndGlobalSection
	GlobalSection(ExtensibilityGlobals) = postSolution
		SolutionGuid = {449130B9-2F7A-42CB-B28D-3506DDEA1CB0}
	EndGlobalSection
EndGlobal
